PODS:
  - Alamofire (4.8.0)
  - Kingfisher (4.10.1)
  - NVActivityIndicatorView (4.5.0):
    - NVActivityIndicatorView/Presenter (= 4.5.0)
  - NVActivityIndicatorView/Presenter (4.5.0)
  - ObjectMapper (3.4.2)
  - RxAtomic (4.4.0)
  - RxCocoa (4.4.0):
    - RxSwift (~> 4.0)
  - RxSwift (4.4.0):
    - RxAtomic (~> 4.4)
  - SnapKit (4.0.1)
  - SwiftyJSON (4.2.0)
  - Then (2.4.0)

DEPENDENCIES:
  - Alamofire (~> 4.5)
  - Kingfisher (= 4.10.1)
  - NVActivityIndicatorView
  - ObjectMapper (~> 3.4)
  - RxCocoa (~> 4.0)
  - RxSwift (~> 4.0)
  - SnapKit (~> 4.0.0)
  - SwiftyJSON (~> 4.0)
  - Then

SPEC REPOS:
  https://github.com/cocoapods/specs.git:
    - Alamofire
    - Kingfisher
    - NVActivityIndicatorView
    - ObjectMapper
    - RxAtomic
    - RxCocoa
    - RxSwift
    - SnapKit
    - SwiftyJSON
    - Then

SPEC CHECKSUMS:
  Alamofire: 3ec537f71edc9804815215393ae2b1a8ea33a844
  Kingfisher: c148cd7b47ebde9989f6bc7c27dcaa79d81279a0
  NVActivityIndicatorView: 1e4e3ed79248cf1666af182593c3a2acf0fcf193
  ObjectMapper: 0d4402610f4e468903ae64629eec4784531e5c51
  RxAtomic: eacf60db868c96bfd63320e28619fe29c179656f
  RxCocoa: df63ebf7b9a70d6b4eeea407ed5dd4efc8979749
  RxSwift: 5976ecd04fc2fefd648827c23de5e11157faa973
  SnapKit: 0de968a9fec17499afa29683b05d0c775b6d1c29
  SwiftyJSON: c4bcba26dd9ec7a027fc8eade48e2c911f229e96
  Then: 71866660c7af35a7343831f7668e7cd2b62ee0f2

PODFILE CHECKSUM: 4a7aff7882d56f919dd5b04c89a4967453788ead

COCOAPODS: 1.5.3
