// !$*UTF8*$!
{
	archiveVersion = 1;
	classes = {
	};
	objectVersion = 50;
	objects = {

/* Begin PBXBuildFile section */
		2F06A66C21C13AC600387DED /* AppDelegate.swift in Sources */ = {isa = PBXBuildFile; fileRef = 2F06A66B21C13AC600387DED /* AppDelegate.swift */; };
		2F06A66E21C13AC600387DED /* ViewController.swift in Sources */ = {isa = PBXBuildFile; fileRef = 2F06A66D21C13AC600387DED /* ViewController.swift */; };
		2F06A67121C13AC600387DED /* Main.storyboard in Resources */ = {isa = PBXBuildFile; fileRef = 2F06A66F21C13AC600387DED /* Main.storyboard */; };
		2F06A67321C13AC700387DED /* Assets.xcassets in Resources */ = {isa = PBXBuildFile; fileRef = 2F06A67221C13AC700387DED /* Assets.xcassets */; };
		2F06A67621C13AC700387DED /* LaunchScreen.storyboard in Resources */ = {isa = PBXBuildFile; fileRef = 2F06A67421C13AC700387DED /* LaunchScreen.storyboard */; };
		2F58C08D21C36731001DCC40 /* UserInfoModel.swift in Sources */ = {isa = PBXBuildFile; fileRef = 2F58C08C21C36731001DCC40 /* UserInfoModel.swift */; };
		2F58C09C21C38313001DCC40 /* SpoqaHanSansBold.ttf in Resources */ = {isa = PBXBuildFile; fileRef = 2F58C09821C38310001DCC40 /* SpoqaHanSansBold.ttf */; };
		2F58C09D21C38313001DCC40 /* SpoqaHanSansLight.ttf in Resources */ = {isa = PBXBuildFile; fileRef = 2F58C09921C38311001DCC40 /* SpoqaHanSansLight.ttf */; };
		2F58C09E21C38313001DCC40 /* SpoqaHanSansRegular.ttf in Resources */ = {isa = PBXBuildFile; fileRef = 2F58C09A21C38312001DCC40 /* SpoqaHanSansRegular.ttf */; };
		2F58C09F21C38313001DCC40 /* SpoqaHanSansThin.ttf in Resources */ = {isa = PBXBuildFile; fileRef = 2F58C09B21C38313001DCC40 /* SpoqaHanSansThin.ttf */; };
		2F58C0A321C3873A001DCC40 /* FontExtension.swift in Sources */ = {isa = PBXBuildFile; fileRef = 2F58C0A221C3873A001DCC40 /* FontExtension.swift */; };
		2F58C0A721C38FD2001DCC40 /* UserInfoViewModel.swift in Sources */ = {isa = PBXBuildFile; fileRef = 2F58C0A621C38FD2001DCC40 /* UserInfoViewModel.swift */; };
		2F58C0A921C39184001DCC40 /* InfoViewController.swift in Sources */ = {isa = PBXBuildFile; fileRef = 2F58C0A821C39184001DCC40 /* InfoViewController.swift */; };
		2F58C0AB21C39344001DCC40 /* Info.storyboard in Resources */ = {isa = PBXBuildFile; fileRef = 2F58C0AA21C39344001DCC40 /* Info.storyboard */; };
		2F58C0AD21C39412001DCC40 /* NSObjectExtension.swift in Sources */ = {isa = PBXBuildFile; fileRef = 2F58C0AC21C39412001DCC40 /* NSObjectExtension.swift */; };
		2F58C0B021C3959C001DCC40 /* swiftkey-logo.json in Resources */ = {isa = PBXBuildFile; fileRef = 2F58C0AF21C3959C001DCC40 /* swiftkey-logo.json */; };
		2F58C0B221C3971C001DCC40 /* LoginViewController.swift in Sources */ = {isa = PBXBuildFile; fileRef = 2F58C0B121C3971C001DCC40 /* LoginViewController.swift */; };
		2F58C0B421C39726001DCC40 /* Login.storyboard in Resources */ = {isa = PBXBuildFile; fileRef = 2F58C0B321C39726001DCC40 /* Login.storyboard */; };
		2F58C0B821C3A20D001DCC40 /* LoginView.swift in Sources */ = {isa = PBXBuildFile; fileRef = 2F58C0B721C3A20D001DCC40 /* LoginView.swift */; };
		2F58C0BA21C3A22C001DCC40 /* UIViewExtension.swift in Sources */ = {isa = PBXBuildFile; fileRef = 2F58C0B921C3A22C001DCC40 /* UIViewExtension.swift */; };
		2FFADCC721C13D36000CB3B0 /* KakaoOpenSDK.framework in Frameworks */ = {isa = PBXBuildFile; fileRef = 2FFADCC621C13D36000CB3B0 /* KakaoOpenSDK.framework */; };
		2FFADCCD21C146F4000CB3B0 /* credentials.plist in Resources */ = {isa = PBXBuildFile; fileRef = 2FFADCCC21C146F4000CB3B0 /* credentials.plist */; };
		F41D89703EDE829F7260B39D /* Pods_yellowCard.framework in Frameworks */ = {isa = PBXBuildFile; fileRef = CE69F388968FF3517F91AF0D /* Pods_yellowCard.framework */; };
/* End PBXBuildFile section */

/* Begin PBXFileReference section */
		2F06A66821C13AC600387DED /* yellowCard.app */ = {isa = PBXFileReference; explicitFileType = wrapper.application; includeInIndex = 0; path = yellowCard.app; sourceTree = BUILT_PRODUCTS_DIR; };
		2F06A66B21C13AC600387DED /* AppDelegate.swift */ = {isa = PBXFileReference; lastKnownFileType = sourcecode.swift; path = AppDelegate.swift; sourceTree = "<group>"; };
		2F06A66D21C13AC600387DED /* ViewController.swift */ = {isa = PBXFileReference; lastKnownFileType = sourcecode.swift; path = ViewController.swift; sourceTree = "<group>"; };
		2F06A67021C13AC600387DED /* Base */ = {isa = PBXFileReference; lastKnownFileType = file.storyboard; name = Base; path = Base.lproj/Main.storyboard; sourceTree = "<group>"; };
		2F06A67221C13AC700387DED /* Assets.xcassets */ = {isa = PBXFileReference; lastKnownFileType = folder.assetcatalog; path = Assets.xcassets; sourceTree = "<group>"; };
		2F06A67521C13AC700387DED /* Base */ = {isa = PBXFileReference; lastKnownFileType = file.storyboard; name = Base; path = Base.lproj/LaunchScreen.storyboard; sourceTree = "<group>"; };
		2F06A67721C13AC700387DED /* Info.plist */ = {isa = PBXFileReference; lastKnownFileType = text.plist.xml; path = Info.plist; sourceTree = "<group>"; };
		2F58C08C21C36731001DCC40 /* UserInfoModel.swift */ = {isa = PBXFileReference; lastKnownFileType = sourcecode.swift; path = UserInfoModel.swift; sourceTree = "<group>"; };
		2F58C09821C38310001DCC40 /* SpoqaHanSansBold.ttf */ = {isa = PBXFileReference; lastKnownFileType = file; path = SpoqaHanSansBold.ttf; sourceTree = "<group>"; };
		2F58C09921C38311001DCC40 /* SpoqaHanSansLight.ttf */ = {isa = PBXFileReference; lastKnownFileType = file; path = SpoqaHanSansLight.ttf; sourceTree = "<group>"; };
		2F58C09A21C38312001DCC40 /* SpoqaHanSansRegular.ttf */ = {isa = PBXFileReference; lastKnownFileType = file; path = SpoqaHanSansRegular.ttf; sourceTree = "<group>"; };
		2F58C09B21C38313001DCC40 /* SpoqaHanSansThin.ttf */ = {isa = PBXFileReference; lastKnownFileType = file; path = SpoqaHanSansThin.ttf; sourceTree = "<group>"; };
		2F58C0A221C3873A001DCC40 /* FontExtension.swift */ = {isa = PBXFileReference; lastKnownFileType = sourcecode.swift; path = FontExtension.swift; sourceTree = "<group>"; };
		2F58C0A621C38FD2001DCC40 /* UserInfoViewModel.swift */ = {isa = PBXFileReference; lastKnownFileType = sourcecode.swift; path = UserInfoViewModel.swift; sourceTree = "<group>"; };
		2F58C0A821C39184001DCC40 /* InfoViewController.swift */ = {isa = PBXFileReference; lastKnownFileType = sourcecode.swift; path = InfoViewController.swift; sourceTree = "<group>"; };
		2F58C0AA21C39344001DCC40 /* Info.storyboard */ = {isa = PBXFileReference; lastKnownFileType = file.storyboard; path = Info.storyboard; sourceTree = "<group>"; };
		2F58C0AC21C39412001DCC40 /* NSObjectExtension.swift */ = {isa = PBXFileReference; lastKnownFileType = sourcecode.swift; path = NSObjectExtension.swift; sourceTree = "<group>"; };
		2F58C0AF21C3959C001DCC40 /* swiftkey-logo.json */ = {isa = PBXFileReference; fileEncoding = 4; lastKnownFileType = text.json; path = "swiftkey-logo.json"; sourceTree = "<group>"; };
		2F58C0B121C3971C001DCC40 /* LoginViewController.swift */ = {isa = PBXFileReference; lastKnownFileType = sourcecode.swift; path = LoginViewController.swift; sourceTree = "<group>"; };
		2F58C0B321C39726001DCC40 /* Login.storyboard */ = {isa = PBXFileReference; lastKnownFileType = file.storyboard; path = Login.storyboard; sourceTree = "<group>"; };
		2F58C0B721C3A20D001DCC40 /* LoginView.swift */ = {isa = PBXFileReference; lastKnownFileType = sourcecode.swift; path = LoginView.swift; sourceTree = "<group>"; };
		2F58C0B921C3A22C001DCC40 /* UIViewExtension.swift */ = {isa = PBXFileReference; lastKnownFileType = sourcecode.swift; path = UIViewExtension.swift; sourceTree = "<group>"; };
		2FFADCC621C13D36000CB3B0 /* KakaoOpenSDK.framework */ = {isa = PBXFileReference; lastKnownFileType = wrapper.framework; path = KakaoOpenSDK.framework; sourceTree = "<group>"; };
		2FFADCC821C13E2B000CB3B0 /* yellowCard-Bridging-Header.h */ = {isa = PBXFileReference; lastKnownFileType = sourcecode.c.h; path = "yellowCard-Bridging-Header.h"; sourceTree = "<group>"; };
		2FFADCCC21C146F4000CB3B0 /* credentials.plist */ = {isa = PBXFileReference; fileEncoding = 4; lastKnownFileType = text.plist.xml; path = credentials.plist; sourceTree = "<group>"; };
		31006B01FE8D46B61F44E8CB /* Pods-yellowCard.debug.xcconfig */ = {isa = PBXFileReference; includeInIndex = 1; lastKnownFileType = text.xcconfig; name = "Pods-yellowCard.debug.xcconfig"; path = "Pods/Target Support Files/Pods-yellowCard/Pods-yellowCard.debug.xcconfig"; sourceTree = "<group>"; };
		741B174ED33A3C00E75CA17F /* Pods-yellowCard.release.xcconfig */ = {isa = PBXFileReference; includeInIndex = 1; lastKnownFileType = text.xcconfig; name = "Pods-yellowCard.release.xcconfig"; path = "Pods/Target Support Files/Pods-yellowCard/Pods-yellowCard.release.xcconfig"; sourceTree = "<group>"; };
		CE69F388968FF3517F91AF0D /* Pods_yellowCard.framework */ = {isa = PBXFileReference; explicitFileType = wrapper.framework; includeInIndex = 0; path = Pods_yellowCard.framework; sourceTree = BUILT_PRODUCTS_DIR; };
/* End PBXFileReference section */

/* Begin PBXFrameworksBuildPhase section */
		2F06A66521C13AC600387DED /* Frameworks */ = {
			isa = PBXFrameworksBuildPhase;
			buildActionMask = 2147483647;
			files = (
				F41D89703EDE829F7260B39D /* Pods_yellowCard.framework in Frameworks */,
				2FFADCC721C13D36000CB3B0 /* KakaoOpenSDK.framework in Frameworks */,
			);
			runOnlyForDeploymentPostprocessing = 0;
		};
/* End PBXFrameworksBuildPhase section */

/* Begin PBXGroup section */
		2F06A65F21C13AC600387DED = {
			isa = PBXGroup;
			children = (
				2F06A66A21C13AC600387DED /* yellowCard */,
				2F06A66921C13AC600387DED /* Products */,
				8559801CC7D813709E887A69 /* Pods */,
				711EC130F22AE87F04732371 /* Frameworks */,
			);
			sourceTree = "<group>";
		};
		2F06A66921C13AC600387DED /* Products */ = {
			isa = PBXGroup;
			children = (
				2F06A66821C13AC600387DED /* yellowCard.app */,
			);
			name = Products;
			sourceTree = "<group>";
		};
		2F06A66A21C13AC600387DED /* yellowCard */ = {
			isa = PBXGroup;
			children = (
				2F06A66B21C13AC600387DED /* AppDelegate.swift */,
				2F58C08921C357AF001DCC40 /* StoryBoard */,
				2F58C08821C3579E001DCC40 /* Model */,
				2F58C08621C3578D001DCC40 /* View */,
				2F58C08721C35795001DCC40 /* ViewModel */,
				2F58C0A021C38712001DCC40 /* Coomon */,
				2FFADCCB21C146E1000CB3B0 /* Supporfile */,
				2FFADCC821C13E2B000CB3B0 /* yellowCard-Bridging-Header.h */,
			);
			path = yellowCard;
			sourceTree = "<group>";
		};
		2F58C08621C3578D001DCC40 /* View */ = {
			isa = PBXGroup;
			children = (
				2F58C0B621C3A1ED001DCC40 /* Login */,
				2F06A66D21C13AC600387DED /* ViewController.swift */,
				2F58C0A821C39184001DCC40 /* InfoViewController.swift */,
			);
			path = View;
			sourceTree = "<group>";
		};
		2F58C08721C35795001DCC40 /* ViewModel */ = {
			isa = PBXGroup;
			children = (
				2F58C0A621C38FD2001DCC40 /* UserInfoViewModel.swift */,
			);
			path = ViewModel;
			sourceTree = "<group>";
		};
		2F58C08821C3579E001DCC40 /* Model */ = {
			isa = PBXGroup;
			children = (
				2F58C08C21C36731001DCC40 /* UserInfoModel.swift */,
			);
			path = Model;
			sourceTree = "<group>";
		};
		2F58C08921C357AF001DCC40 /* StoryBoard */ = {
			isa = PBXGroup;
			children = (
				2F06A66F21C13AC600387DED /* Main.storyboard */,
				2F06A67421C13AC700387DED /* LaunchScreen.storyboard */,
				2F58C0AA21C39344001DCC40 /* Info.storyboard */,
				2F58C0B321C39726001DCC40 /* Login.storyboard */,
			);
			path = StoryBoard;
			sourceTree = "<group>";
		};
		2F58C09721C382FB001DCC40 /* Font */ = {
			isa = PBXGroup;
			children = (
				2F58C09821C38310001DCC40 /* SpoqaHanSansBold.ttf */,
				2F58C09921C38311001DCC40 /* SpoqaHanSansLight.ttf */,
				2F58C09A21C38312001DCC40 /* SpoqaHanSansRegular.ttf */,
				2F58C09B21C38313001DCC40 /* SpoqaHanSansThin.ttf */,
			);
			path = Font;
			sourceTree = "<group>";
		};
		2F58C0A021C38712001DCC40 /* Coomon */ = {
			isa = PBXGroup;
			children = (
				2F58C0A121C38724001DCC40 /* Extension */,
			);
			path = Coomon;
			sourceTree = "<group>";
		};
		2F58C0A121C38724001DCC40 /* Extension */ = {
			isa = PBXGroup;
			children = (
				2F58C0A221C3873A001DCC40 /* FontExtension.swift */,
				2F58C0AC21C39412001DCC40 /* NSObjectExtension.swift */,
				2F58C0B921C3A22C001DCC40 /* UIViewExtension.swift */,
			);
			path = Extension;
			sourceTree = "<group>";
		};
		2F58C0AE21C39590001DCC40 /* LottieFile */ = {
			isa = PBXGroup;
			children = (
				2F58C0AF21C3959C001DCC40 /* swiftkey-logo.json */,
			);
			path = LottieFile;
			sourceTree = "<group>";
		};
		2F58C0B621C3A1ED001DCC40 /* Login */ = {
			isa = PBXGroup;
			children = (
				2F58C0B121C3971C001DCC40 /* LoginViewController.swift */,
				2F58C0B721C3A20D001DCC40 /* LoginView.swift */,
			);
			path = Login;
			sourceTree = "<group>";
		};
		2FFADCCB21C146E1000CB3B0 /* Supporfile */ = {
			isa = PBXGroup;
			children = (
				2F58C0AE21C39590001DCC40 /* LottieFile */,
				2F58C09721C382FB001DCC40 /* Font */,
				2F06A67221C13AC700387DED /* Assets.xcassets */,
				2F06A67721C13AC700387DED /* Info.plist */,
				2FFADCCC21C146F4000CB3B0 /* credentials.plist */,
			);
			path = Supporfile;
			sourceTree = "<group>";
		};
		711EC130F22AE87F04732371 /* Frameworks */ = {
			isa = PBXGroup;
			children = (
				2FFADCC621C13D36000CB3B0 /* KakaoOpenSDK.framework */,
				CE69F388968FF3517F91AF0D /* Pods_yellowCard.framework */,
			);
			name = Frameworks;
			sourceTree = "<group>";
		};
		8559801CC7D813709E887A69 /* Pods */ = {
			isa = PBXGroup;
			children = (
				31006B01FE8D46B61F44E8CB /* Pods-yellowCard.debug.xcconfig */,
				741B174ED33A3C00E75CA17F /* Pods-yellowCard.release.xcconfig */,
			);
			name = Pods;
			sourceTree = "<group>";
		};
/* End PBXGroup section */

/* Begin PBXNativeTarget section */
		2F06A66721C13AC600387DED /* yellowCard */ = {
			isa = PBXNativeTarget;
			buildConfigurationList = 2F06A67A21C13AC700387DED /* Build configuration list for PBXNativeTarget "yellowCard" */;
			buildPhases = (
				975D9016E4578150BBD5D8A5 /* [CP] Check Pods Manifest.lock */,
				2F06A66421C13AC600387DED /* Sources */,
				2F06A66521C13AC600387DED /* Frameworks */,
				2F06A66621C13AC600387DED /* Resources */,
				6AE03B65D5A2AD9F319DF8EF /* [CP] Embed Pods Frameworks */,
				140E1DD2EE1F3A70258855F4 /* [CP] Copy Pods Resources */,
			);
			buildRules = (
			);
			dependencies = (
			);
			name = yellowCard;
			productName = yellowCard;
			productReference = 2F06A66821C13AC600387DED /* yellowCard.app */;
			productType = "com.apple.product-type.application";
		};
/* End PBXNativeTarget section */

/* Begin PBXProject section */
		2F06A66021C13AC600387DED /* Project object */ = {
			isa = PBXProject;
			attributes = {
				LastSwiftUpdateCheck = 1010;
				LastUpgradeCheck = 1010;
				ORGANIZATIONNAME = linsaeng;
				TargetAttributes = {
					2F06A66721C13AC600387DED = {
						CreatedOnToolsVersion = 10.1;
						LastSwiftMigration = 1010;
					};
				};
			};
			buildConfigurationList = 2F06A66321C13AC600387DED /* Build configuration list for PBXProject "yellowCard" */;
			compatibilityVersion = "Xcode 9.3";
			developmentRegion = en;
			hasScannedForEncodings = 0;
			knownRegions = (
				en,
				Base,
			);
			mainGroup = 2F06A65F21C13AC600387DED;
			productRefGroup = 2F06A66921C13AC600387DED /* Products */;
			projectDirPath = "";
			projectRoot = "";
			targets = (
				2F06A66721C13AC600387DED /* yellowCard */,
			);
		};
/* End PBXProject section */

/* Begin PBXResourcesBuildPhase section */
		2F06A66621C13AC600387DED /* Resources */ = {
			isa = PBXResourcesBuildPhase;
			buildActionMask = 2147483647;
			files = (
				2F58C0AB21C39344001DCC40 /* Info.storyboard in Resources */,
				2F06A67621C13AC700387DED /* LaunchScreen.storyboard in Resources */,
				2F58C09E21C38313001DCC40 /* SpoqaHanSansRegular.ttf in Resources */,
				2F58C09D21C38313001DCC40 /* SpoqaHanSansLight.ttf in Resources */,
				2F58C09F21C38313001DCC40 /* SpoqaHanSansThin.ttf in Resources */,
				2FFADCCD21C146F4000CB3B0 /* credentials.plist in Resources */,
				2F58C0B021C3959C001DCC40 /* swiftkey-logo.json in Resources */,
				2F06A67321C13AC700387DED /* Assets.xcassets in Resources */,
				2F06A67121C13AC600387DED /* Main.storyboard in Resources */,
				2F58C09C21C38313001DCC40 /* SpoqaHanSansBold.ttf in Resources */,
				2F58C0B421C39726001DCC40 /* Login.storyboard in Resources */,
			);
			runOnlyForDeploymentPostprocessing = 0;
		};
/* End PBXResourcesBuildPhase section */

/* Begin PBXShellScriptBuildPhase section */
		140E1DD2EE1F3A70258855F4 /* [CP] Copy Pods Resources */ = {
			isa = PBXShellScriptBuildPhase;
			buildActionMask = 2147483647;
			files = (
			);
			inputFileListPaths = (
			);
			inputPaths = (
				"${SRCROOT}/Pods/Target Support Files/Pods-yellowCard/Pods-yellowCard-resources.sh",
				"${PODS_ROOT}/GoogleSignIn/Resources/GoogleSignIn.bundle",
			);
			name = "[CP] Copy Pods Resources";
			outputFileListPaths = (
			);
			outputPaths = (
				"${TARGET_BUILD_DIR}/${UNLOCALIZED_RESOURCES_FOLDER_PATH}/GoogleSignIn.bundle",
			);
			runOnlyForDeploymentPostprocessing = 0;
			shellPath = /bin/sh;
			shellScript = "\"${SRCROOT}/Pods/Target Support Files/Pods-yellowCard/Pods-yellowCard-resources.sh\"\n";
			showEnvVarsInLog = 0;
		};
		6AE03B65D5A2AD9F319DF8EF /* [CP] Embed Pods Frameworks */ = {
			isa = PBXShellScriptBuildPhase;
			buildActionMask = 2147483647;
			files = (
			);
			inputFileListPaths = (
			);
			inputPaths = (
				"${SRCROOT}/Pods/Target Support Files/Pods-yellowCard/Pods-yellowCard-frameworks.sh",
				"${BUILT_PRODUCTS_DIR}/Alamofire/Alamofire.framework",
				"${BUILT_PRODUCTS_DIR}/DynamicBlurView/DynamicBlurView.framework",
				"${BUILT_PRODUCTS_DIR}/GTMSessionFetcher/GTMSessionFetcher.framework",
				"${BUILT_PRODUCTS_DIR}/GoogleToolboxForMac/GoogleToolboxForMac.framework",
				"${BUILT_PRODUCTS_DIR}/Kingfisher/Kingfisher.framework",
				"${BUILT_PRODUCTS_DIR}/ObjectMapper/ObjectMapper.framework",
				"${BUILT_PRODUCTS_DIR}/PopupDialog/PopupDialog.framework",
				"${BUILT_PRODUCTS_DIR}/RxAtomic/RxAtomic.framework",
				"${BUILT_PRODUCTS_DIR}/RxCocoa/RxCocoa.framework",
				"${BUILT_PRODUCTS_DIR}/RxSwift/RxSwift.framework",
				"${BUILT_PRODUCTS_DIR}/SnapKit/SnapKit.framework",
				"${BUILT_PRODUCTS_DIR}/Then/Then.framework",
				"${BUILT_PRODUCTS_DIR}/lottie-ios/Lottie.framework",
			);
			name = "[CP] Embed Pods Frameworks";
			outputFileListPaths = (
			);
			outputPaths = (
				"${TARGET_BUILD_DIR}/${FRAMEWORKS_FOLDER_PATH}/Alamofire.framework",
				"${TARGET_BUILD_DIR}/${FRAMEWORKS_FOLDER_PATH}/DynamicBlurView.framework",
				"${TARGET_BUILD_DIR}/${FRAMEWORKS_FOLDER_PATH}/GTMSessionFetcher.framework",
				"${TARGET_BUILD_DIR}/${FRAMEWORKS_FOLDER_PATH}/GoogleToolboxForMac.framework",
				"${TARGET_BUILD_DIR}/${FRAMEWORKS_FOLDER_PATH}/Kingfisher.framework",
				"${TARGET_BUILD_DIR}/${FRAMEWORKS_FOLDER_PATH}/ObjectMapper.framework",
				"${TARGET_BUILD_DIR}/${FRAMEWORKS_FOLDER_PATH}/PopupDialog.framework",
				"${TARGET_BUILD_DIR}/${FRAMEWORKS_FOLDER_PATH}/RxAtomic.framework",
				"${TARGET_BUILD_DIR}/${FRAMEWORKS_FOLDER_PATH}/RxCocoa.framework",
				"${TARGET_BUILD_DIR}/${FRAMEWORKS_FOLDER_PATH}/RxSwift.framework",
				"${TARGET_BUILD_DIR}/${FRAMEWORKS_FOLDER_PATH}/SnapKit.framework",
				"${TARGET_BUILD_DIR}/${FRAMEWORKS_FOLDER_PATH}/Then.framework",
				"${TARGET_BUILD_DIR}/${FRAMEWORKS_FOLDER_PATH}/Lottie.framework",
			);
			runOnlyForDeploymentPostprocessing = 0;
			shellPath = /bin/sh;
			shellScript = "\"${SRCROOT}/Pods/Target Support Files/Pods-yellowCard/Pods-yellowCard-frameworks.sh\"\n";
			showEnvVarsInLog = 0;
		};
		975D9016E4578150BBD5D8A5 /* [CP] Check Pods Manifest.lock */ = {
			isa = PBXShellScriptBuildPhase;
			buildActionMask = 2147483647;
			files = (
			);
			inputFileListPaths = (
			);
			inputPaths = (
				"${PODS_PODFILE_DIR_PATH}/Podfile.lock",
				"${PODS_ROOT}/Manifest.lock",
			);
			name = "[CP] Check Pods Manifest.lock";
			outputFileListPaths = (
			);
			outputPaths = (
				"$(DERIVED_FILE_DIR)/Pods-yellowCard-checkManifestLockResult.txt",
			);
			runOnlyForDeploymentPostprocessing = 0;
			shellPath = /bin/sh;
			shellScript = "diff \"${PODS_PODFILE_DIR_PATH}/Podfile.lock\" \"${PODS_ROOT}/Manifest.lock\" > /dev/null\nif [ $? != 0 ] ; then\n    # print error to STDERR\n    echo \"error: The sandbox is not in sync with the Podfile.lock. Run 'pod install' or update your CocoaPods installation.\" >&2\n    exit 1\nfi\n# This output is used by Xcode 'outputs' to avoid re-running this script phase.\necho \"SUCCESS\" > \"${SCRIPT_OUTPUT_FILE_0}\"\n";
			showEnvVarsInLog = 0;
		};
/* End PBXShellScriptBuildPhase section */

/* Begin PBXSourcesBuildPhase section */
		2F06A66421C13AC600387DED /* Sources */ = {
			isa = PBXSourcesBuildPhase;
			buildActionMask = 2147483647;
			files = (
				2F58C0BA21C3A22C001DCC40 /* UIViewExtension.swift in Sources */,
				2F58C0AD21C39412001DCC40 /* NSObjectExtension.swift in Sources */,
				2F58C0A321C3873A001DCC40 /* FontExtension.swift in Sources */,
				2F06A66E21C13AC600387DED /* ViewController.swift in Sources */,
				2F58C0B821C3A20D001DCC40 /* LoginView.swift in Sources */,
				2F58C0A721C38FD2001DCC40 /* UserInfoViewModel.swift in Sources */,
				2F58C0B221C3971C001DCC40 /* LoginViewController.swift in Sources */,
				2F06A66C21C13AC600387DED /* AppDelegate.swift in Sources */,
				2F58C0A921C39184001DCC40 /* InfoViewController.swift in Sources */,
				2F58C08D21C36731001DCC40 /* UserInfoModel.swift in Sources */,
			);
			runOnlyForDeploymentPostprocessing = 0;
		};
/* End PBXSourcesBuildPhase section */

/* Begin PBXVariantGroup section */
		2F06A66F21C13AC600387DED /* Main.storyboard */ = {
			isa = PBXVariantGroup;
			children = (
				2F06A67021C13AC600387DED /* Base */,
			);
			name = Main.storyboard;
			sourceTree = "<group>";
		};
		2F06A67421C13AC700387DED /* LaunchScreen.storyboard */ = {
			isa = PBXVariantGroup;
			children = (
				2F06A67521C13AC700387DED /* Base */,
			);
			name = LaunchScreen.storyboard;
			sourceTree = "<group>";
		};
/* End PBXVariantGroup section */

/* Begin XCBuildConfiguration section */
		2F06A67821C13AC700387DED /* Debug */ = {
			isa = XCBuildConfiguration;
			buildSettings = {
				ALWAYS_SEARCH_USER_PATHS = NO;
				CLANG_ANALYZER_NONNULL = YES;
				CLANG_ANALYZER_NUMBER_OBJECT_CONVERSION = YES_AGGRESSIVE;
				CLANG_CXX_LANGUAGE_STANDARD = "gnu++14";
				CLANG_CXX_LIBRARY = "libc++";
				CLANG_ENABLE_MODULES = YES;
				CLANG_ENABLE_OBJC_ARC = YES;
				CLANG_ENABLE_OBJC_WEAK = YES;
				CLANG_WARN_BLOCK_CAPTURE_AUTORELEASING = YES;
				CLANG_WARN_BOOL_CONVERSION = YES;
				CLANG_WARN_COMMA = YES;
				CLANG_WARN_CONSTANT_CONVERSION = YES;
				CLANG_WARN_DEPRECATED_OBJC_IMPLEMENTATIONS = YES;
				CLANG_WARN_DIRECT_OBJC_ISA_USAGE = YES_ERROR;
				CLANG_WARN_DOCUMENTATION_COMMENTS = YES;
				CLANG_WARN_EMPTY_BODY = YES;
				CLANG_WARN_ENUM_CONVERSION = YES;
				CLANG_WARN_INFINITE_RECURSION = YES;
				CLANG_WARN_INT_CONVERSION = YES;
				CLANG_WARN_NON_LITERAL_NULL_CONVERSION = YES;
				CLANG_WARN_OBJC_IMPLICIT_RETAIN_SELF = YES;
				CLANG_WARN_OBJC_LITERAL_CONVERSION = YES;
				CLANG_WARN_OBJC_ROOT_CLASS = YES_ERROR;
				CLANG_WARN_RANGE_LOOP_ANALYSIS = YES;
				CLANG_WARN_STRICT_PROTOTYPES = YES;
				CLANG_WARN_SUSPICIOUS_MOVE = YES;
				CLANG_WARN_UNGUARDED_AVAILABILITY = YES_AGGRESSIVE;
				CLANG_WARN_UNREACHABLE_CODE = YES;
				CLANG_WARN__DUPLICATE_METHOD_MATCH = YES;
				CODE_SIGN_IDENTITY = "iPhone Developer";
				COPY_PHASE_STRIP = NO;
				DEBUG_INFORMATION_FORMAT = dwarf;
				ENABLE_STRICT_OBJC_MSGSEND = YES;
				ENABLE_TESTABILITY = YES;
				GCC_C_LANGUAGE_STANDARD = gnu11;
				GCC_DYNAMIC_NO_PIC = NO;
				GCC_NO_COMMON_BLOCKS = YES;
				GCC_OPTIMIZATION_LEVEL = 0;
				GCC_PREPROCESSOR_DEFINITIONS = (
					"DEBUG=1",
					"$(inherited)",
				);
				GCC_WARN_64_TO_32_BIT_CONVERSION = YES;
				GCC_WARN_ABOUT_RETURN_TYPE = YES_ERROR;
				GCC_WARN_UNDECLARED_SELECTOR = YES;
				GCC_WARN_UNINITIALIZED_AUTOS = YES_AGGRESSIVE;
				GCC_WARN_UNUSED_FUNCTION = YES;
				GCC_WARN_UNUSED_VARIABLE = YES;
				IPHONEOS_DEPLOYMENT_TARGET = 12.1;
				MTL_ENABLE_DEBUG_INFO = INCLUDE_SOURCE;
				MTL_FAST_MATH = YES;
				ONLY_ACTIVE_ARCH = YES;
				SDKROOT = iphoneos;
				SWIFT_ACTIVE_COMPILATION_CONDITIONS = DEBUG;
				SWIFT_OPTIMIZATION_LEVEL = "-Onone";
			};
			name = Debug;
		};
		2F06A67921C13AC700387DED /* Release */ = {
			isa = XCBuildConfiguration;
			buildSettings = {
				ALWAYS_SEARCH_USER_PATHS = NO;
				CLANG_ANALYZER_NONNULL = YES;
				CLANG_ANALYZER_NUMBER_OBJECT_CONVERSION = YES_AGGRESSIVE;
				CLANG_CXX_LANGUAGE_STANDARD = "gnu++14";
				CLANG_CXX_LIBRARY = "libc++";
				CLANG_ENABLE_MODULES = YES;
				CLANG_ENABLE_OBJC_ARC = YES;
				CLANG_ENABLE_OBJC_WEAK = YES;
				CLANG_WARN_BLOCK_CAPTURE_AUTORELEASING = YES;
				CLANG_WARN_BOOL_CONVERSION = YES;
				CLANG_WARN_COMMA = YES;
				CLANG_WARN_CONSTANT_CONVERSION = YES;
				CLANG_WARN_DEPRECATED_OBJC_IMPLEMENTATIONS = YES;
				CLANG_WARN_DIRECT_OBJC_ISA_USAGE = YES_ERROR;
				CLANG_WARN_DOCUMENTATION_COMMENTS = YES;
				CLANG_WARN_EMPTY_BODY = YES;
				CLANG_WARN_ENUM_CONVERSION = YES;
				CLANG_WARN_INFINITE_RECURSION = YES;
				CLANG_WARN_INT_CONVERSION = YES;
				CLANG_WARN_NON_LITERAL_NULL_CONVERSION = YES;
				CLANG_WARN_OBJC_IMPLICIT_RETAIN_SELF = YES;
				CLANG_WARN_OBJC_LITERAL_CONVERSION = YES;
				CLANG_WARN_OBJC_ROOT_CLASS = YES_ERROR;
				CLANG_WARN_RANGE_LOOP_ANALYSIS = YES;
				CLANG_WARN_STRICT_PROTOTYPES = YES;
				CLANG_WARN_SUSPICIOUS_MOVE = YES;
				CLANG_WARN_UNGUARDED_AVAILABILITY = YES_AGGRESSIVE;
				CLANG_WARN_UNREACHABLE_CODE = YES;
				CLANG_WARN__DUPLICATE_METHOD_MATCH = YES;
				CODE_SIGN_IDENTITY = "iPhone Developer";
				COPY_PHASE_STRIP = NO;
				DEBUG_INFORMATION_FORMAT = "dwarf-with-dsym";
				ENABLE_NS_ASSERTIONS = NO;
				ENABLE_STRICT_OBJC_MSGSEND = YES;
				GCC_C_LANGUAGE_STANDARD = gnu11;
				GCC_NO_COMMON_BLOCKS = YES;
				GCC_WARN_64_TO_32_BIT_CONVERSION = YES;
				GCC_WARN_ABOUT_RETURN_TYPE = YES_ERROR;
				GCC_WARN_UNDECLARED_SELECTOR = YES;
				GCC_WARN_UNINITIALIZED_AUTOS = YES_AGGRESSIVE;
				GCC_WARN_UNUSED_FUNCTION = YES;
				GCC_WARN_UNUSED_VARIABLE = YES;
				IPHONEOS_DEPLOYMENT_TARGET = 12.1;
				MTL_ENABLE_DEBUG_INFO = NO;
				MTL_FAST_MATH = YES;
				SDKROOT = iphoneos;
				SWIFT_COMPILATION_MODE = wholemodule;
				SWIFT_OPTIMIZATION_LEVEL = "-O";
				VALIDATE_PRODUCT = YES;
			};
			name = Release;
		};
		2F06A67B21C13AC700387DED /* Debug */ = {
			isa = XCBuildConfiguration;
			baseConfigurationReference = 31006B01FE8D46B61F44E8CB /* Pods-yellowCard.debug.xcconfig */;
			buildSettings = {
				ASSETCATALOG_COMPILER_APPICON_NAME = AppIcon;
				CLANG_ENABLE_MODULES = YES;
				CODE_SIGN_STYLE = Automatic;
				DEVELOPMENT_TEAM = 524TVTU6B9;
				FRAMEWORK_SEARCH_PATHS = (
					"$(inherited)",
					"$(PROJECT_DIR)",
				);
				INFOPLIST_FILE = "$(SRCROOT)/yellowCard/Supporfile/Info.plist";
				IPHONEOS_DEPLOYMENT_TARGET = 10.0;
				LD_RUNPATH_SEARCH_PATHS = (
					"$(inherited)",
					"@executable_path/Frameworks",
				);
				OTHER_LDFLAGS = "$(inherited)";
				PRODUCT_BUNDLE_IDENTIFIER = com.linsaeng.yellowCard;
				PRODUCT_NAME = "$(TARGET_NAME)";
				SWIFT_OBJC_BRIDGING_HEADER = "yellowCard/yellowCard-Bridging-Header.h";
				SWIFT_OPTIMIZATION_LEVEL = "-Onone";
				SWIFT_VERSION = 4.2;
				TARGETED_DEVICE_FAMILY = 1;
			};
			name = Debug;
		};
		2F06A67C21C13AC700387DED /* Release */ = {
			isa = XCBuildConfiguration;
			baseConfigurationReference = 741B174ED33A3C00E75CA17F /* Pods-yellowCard.release.xcconfig */;
			buildSettings = {
				ASSETCATALOG_COMPILER_APPICON_NAME = AppIcon;
				CLANG_ENABLE_MODULES = YES;
				CODE_SIGN_STYLE = Automatic;
				DEVELOPMENT_TEAM = 524TVTU6B9;
				FRAMEWORK_SEARCH_PATHS = (
					"$(inherited)",
					"$(PROJECT_DIR)",
				);
				INFOPLIST_FILE = "$(SRCROOT)/yellowCard/Supporfile/Info.plist";
				IPHONEOS_DEPLOYMENT_TARGET = 10.0;
				LD_RUNPATH_SEARCH_PATHS = (
					"$(inherited)",
					"@executable_path/Frameworks",
				);
				OTHER_LDFLAGS = "$(inherited)";
				PRODUCT_BUNDLE_IDENTIFIER = com.linsaeng.yellowCard;
				PRODUCT_NAME = "$(TARGET_NAME)";
				SWIFT_OBJC_BRIDGING_HEADER = "yellowCard/yellowCard-Bridging-Header.h";
				SWIFT_VERSION = 4.2;
				TARGETED_DEVICE_FAMILY = 1;
			};
			name = Release;
		};
/* End XCBuildConfiguration section */

/* Begin XCConfigurationList section */
		2F06A66321C13AC600387DED /* Build configuration list for PBXProject "yellowCard" */ = {
			isa = XCConfigurationList;
			buildConfigurations = (
				2F06A67821C13AC700387DED /* Debug */,
				2F06A67921C13AC700387DED /* Release */,
			);
			defaultConfigurationIsVisible = 0;
			defaultConfigurationName = Release;
		};
		2F06A67A21C13AC700387DED /* Build configuration list for PBXNativeTarget "yellowCard" */ = {
			isa = XCConfigurationList;
			buildConfigurations = (
				2F06A67B21C13AC700387DED /* Debug */,
				2F06A67C21C13AC700387DED /* Release */,
			);
			defaultConfigurationIsVisible = 0;
			defaultConfigurationName = Release;
		};
/* End XCConfigurationList section */
	};
	rootObject = 2F06A66021C13AC600387DED /* Project object */;
}
