// !$*UTF8*$!
{
	archiveVersion = 1;
	classes = {
	};
	objectVersion = 50;
	objects = {

/* Begin PBXBuildFile section */
		2F0B8F3521CE4BA700FD07F3 /* AppDelegate.swift in Sources */ = {isa = PBXBuildFile; fileRef = 2F0B8F3421CE4BA700FD07F3 /* AppDelegate.swift */; };
		2F0B8F3721CE4BA700FD07F3 /* ViewController.swift in Sources */ = {isa = PBXBuildFile; fileRef = 2F0B8F3621CE4BA700FD07F3 /* ViewController.swift */; };
		2F0B8F3A21CE4BA700FD07F3 /* Main.storyboard in Resources */ = {isa = PBXBuildFile; fileRef = 2F0B8F3821CE4BA700FD07F3 /* Main.storyboard */; };
		2F0B8F3C21CE4BA800FD07F3 /* Assets.xcassets in Resources */ = {isa = PBXBuildFile; fileRef = 2F0B8F3B21CE4BA800FD07F3 /* Assets.xcassets */; };
		2F0B8F3F21CE4BA800FD07F3 /* LaunchScreen.storyboard in Resources */ = {isa = PBXBuildFile; fileRef = 2F0B8F3D21CE4BA800FD07F3 /* LaunchScreen.storyboard */; };
		2F817E8121CE4D8200574F08 /* KakaoOpenSDK.framework in Frameworks */ = {isa = PBXBuildFile; fileRef = 2F817E8021CE4D8200574F08 /* KakaoOpenSDK.framework */; };
		FF498DCC8D8F575AA7F6430B /* Pods_yellowCard.framework in Frameworks */ = {isa = PBXBuildFile; fileRef = 590F4C23ADE71A623F083DFA /* Pods_yellowCard.framework */; };
/* End PBXBuildFile section */

/* Begin PBXFileReference section */
		2F0B8F3121CE4BA700FD07F3 /* yellowCard.app */ = {isa = PBXFileReference; explicitFileType = wrapper.application; includeInIndex = 0; path = yellowCard.app; sourceTree = BUILT_PRODUCTS_DIR; };
		2F0B8F3421CE4BA700FD07F3 /* AppDelegate.swift */ = {isa = PBXFileReference; lastKnownFileType = sourcecode.swift; path = AppDelegate.swift; sourceTree = "<group>"; };
		2F0B8F3621CE4BA700FD07F3 /* ViewController.swift */ = {isa = PBXFileReference; lastKnownFileType = sourcecode.swift; path = ViewController.swift; sourceTree = "<group>"; };
		2F0B8F3921CE4BA700FD07F3 /* Base */ = {isa = PBXFileReference; lastKnownFileType = file.storyboard; name = Base; path = Base.lproj/Main.storyboard; sourceTree = "<group>"; };
		2F0B8F3B21CE4BA800FD07F3 /* Assets.xcassets */ = {isa = PBXFileReference; lastKnownFileType = folder.assetcatalog; path = Assets.xcassets; sourceTree = "<group>"; };
		2F0B8F3E21CE4BA800FD07F3 /* Base */ = {isa = PBXFileReference; lastKnownFileType = file.storyboard; name = Base; path = Base.lproj/LaunchScreen.storyboard; sourceTree = "<group>"; };
		2F0B8F4021CE4BA800FD07F3 /* Info.plist */ = {isa = PBXFileReference; lastKnownFileType = text.plist.xml; path = Info.plist; sourceTree = "<group>"; };
		2F817E8021CE4D8200574F08 /* KakaoOpenSDK.framework */ = {isa = PBXFileReference; lastKnownFileType = wrapper.framework; path = KakaoOpenSDK.framework; sourceTree = "<group>"; };
		2F817E8221CE4EEA00574F08 /* yellowCard-Bridging-Header.h */ = {isa = PBXFileReference; lastKnownFileType = sourcecode.c.h; path = "yellowCard-Bridging-Header.h"; sourceTree = "<group>"; };
		590F4C23ADE71A623F083DFA /* Pods_yellowCard.framework */ = {isa = PBXFileReference; explicitFileType = wrapper.framework; includeInIndex = 0; path = Pods_yellowCard.framework; sourceTree = BUILT_PRODUCTS_DIR; };
		6A675AEF7F0E681A668FE205 /* Pods-yellowCard.debug.xcconfig */ = {isa = PBXFileReference; includeInIndex = 1; lastKnownFileType = text.xcconfig; name = "Pods-yellowCard.debug.xcconfig"; path = "Pods/Target Support Files/Pods-yellowCard/Pods-yellowCard.debug.xcconfig"; sourceTree = "<group>"; };
		B850B149F4E2FCE42F457BC3 /* Pods-yellowCard.release.xcconfig */ = {isa = PBXFileReference; includeInIndex = 1; lastKnownFileType = text.xcconfig; name = "Pods-yellowCard.release.xcconfig"; path = "Pods/Target Support Files/Pods-yellowCard/Pods-yellowCard.release.xcconfig"; sourceTree = "<group>"; };
/* End PBXFileReference section */

/* Begin PBXFrameworksBuildPhase section */
		2F0B8F2E21CE4BA700FD07F3 /* Frameworks */ = {
			isa = PBXFrameworksBuildPhase;
			buildActionMask = 2147483647;
			files = (
				FF498DCC8D8F575AA7F6430B /* Pods_yellowCard.framework in Frameworks */,
				2F817E8121CE4D8200574F08 /* KakaoOpenSDK.framework in Frameworks */,
			);
			runOnlyForDeploymentPostprocessing = 0;
		};
/* End PBXFrameworksBuildPhase section */

/* Begin PBXGroup section */
		2F0B8F2821CE4BA700FD07F3 = {
			isa = PBXGroup;
			children = (
				2F0B8F3321CE4BA700FD07F3 /* yellowCard */,
				2F0B8F3221CE4BA700FD07F3 /* Products */,
				6C726979703917AD6D7546CA /* Pods */,
				A4C463A8F675692D041C5940 /* Frameworks */,
			);
			sourceTree = "<group>";
		};
		2F0B8F3221CE4BA700FD07F3 /* Products */ = {
			isa = PBXGroup;
			children = (
				2F0B8F3121CE4BA700FD07F3 /* yellowCard.app */,
			);
			name = Products;
			sourceTree = "<group>";
		};
		2F0B8F3321CE4BA700FD07F3 /* yellowCard */ = {
			isa = PBXGroup;
			children = (
				2F0B8F3421CE4BA700FD07F3 /* AppDelegate.swift */,
				2F0B8F3621CE4BA700FD07F3 /* ViewController.swift */,
				2F0B8F3821CE4BA700FD07F3 /* Main.storyboard */,
				2F0B8F3B21CE4BA800FD07F3 /* Assets.xcassets */,
				2F0B8F3D21CE4BA800FD07F3 /* LaunchScreen.storyboard */,
				2F0B8F4021CE4BA800FD07F3 /* Info.plist */,
				2F817E8221CE4EEA00574F08 /* yellowCard-Bridging-Header.h */,
			);
			path = yellowCard;
			sourceTree = "<group>";
		};
		6C726979703917AD6D7546CA /* Pods */ = {
			isa = PBXGroup;
			children = (
				6A675AEF7F0E681A668FE205 /* Pods-yellowCard.debug.xcconfig */,
				B850B149F4E2FCE42F457BC3 /* Pods-yellowCard.release.xcconfig */,
			);
			name = Pods;
			sourceTree = "<group>";
		};
		A4C463A8F675692D041C5940 /* Frameworks */ = {
			isa = PBXGroup;
			children = (
				2F817E8021CE4D8200574F08 /* KakaoOpenSDK.framework */,
				590F4C23ADE71A623F083DFA /* Pods_yellowCard.framework */,
			);
			name = Frameworks;
			sourceTree = "<group>";
		};
/* End PBXGroup section */

/* Begin PBXNativeTarget section */
		2F0B8F3021CE4BA700FD07F3 /* yellowCard */ = {
			isa = PBXNativeTarget;
			buildConfigurationList = 2F0B8F4321CE4BA800FD07F3 /* Build configuration list for PBXNativeTarget "yellowCard" */;
			buildPhases = (
				98B1F94B9AE975DC8790AAAB /* [CP] Check Pods Manifest.lock */,
				2F0B8F2D21CE4BA700FD07F3 /* Sources */,
				2F0B8F2E21CE4BA700FD07F3 /* Frameworks */,
				2F0B8F2F21CE4BA700FD07F3 /* Resources */,
			);
			buildRules = (
			);
			dependencies = (
			);
			name = yellowCard;
			productName = yellowCard;
			productReference = 2F0B8F3121CE4BA700FD07F3 /* yellowCard.app */;
			productType = "com.apple.product-type.application";
		};
/* End PBXNativeTarget section */

/* Begin PBXProject section */
		2F0B8F2921CE4BA700FD07F3 /* Project object */ = {
			isa = PBXProject;
			attributes = {
				LastSwiftUpdateCheck = 1010;
				LastUpgradeCheck = 1010;
				ORGANIZATIONNAME = linsaeng;
				TargetAttributes = {
					2F0B8F3021CE4BA700FD07F3 = {
						CreatedOnToolsVersion = 10.1;
						LastSwiftMigration = 1010;
					};
				};
			};
			buildConfigurationList = 2F0B8F2C21CE4BA700FD07F3 /* Build configuration list for PBXProject "yellowCard" */;
			compatibilityVersion = "Xcode 9.3";
			developmentRegion = en;
			hasScannedForEncodings = 0;
			knownRegions = (
				en,
				Base,
			);
			mainGroup = 2F0B8F2821CE4BA700FD07F3;
			productRefGroup = 2F0B8F3221CE4BA700FD07F3 /* Products */;
			projectDirPath = "";
			projectRoot = "";
			targets = (
				2F0B8F3021CE4BA700FD07F3 /* yellowCard */,
			);
		};
/* End PBXProject section */

/* Begin PBXResourcesBuildPhase section */
		2F0B8F2F21CE4BA700FD07F3 /* Resources */ = {
			isa = PBXResourcesBuildPhase;
			buildActionMask = 2147483647;
			files = (
				2F0B8F3F21CE4BA800FD07F3 /* LaunchScreen.storyboard in Resources */,
				2F0B8F3C21CE4BA800FD07F3 /* Assets.xcassets in Resources */,
				2F0B8F3A21CE4BA700FD07F3 /* Main.storyboard in Resources */,
			);
			runOnlyForDeploymentPostprocessing = 0;
		};
/* End PBXResourcesBuildPhase section */

/* Begin PBXShellScriptBuildPhase section */
		98B1F94B9AE975DC8790AAAB /* [CP] Check Pods Manifest.lock */ = {
			isa = PBXShellScriptBuildPhase;
			buildActionMask = 2147483647;
			files = (
			);
			inputFileListPaths = (
			);
			inputPaths = (
				"${PODS_PODFILE_DIR_PATH}/Podfile.lock",
				"${PODS_ROOT}/Manifest.lock",
			);
			name = "[CP] Check Pods Manifest.lock";
			outputFileListPaths = (
			);
			outputPaths = (
				"$(DERIVED_FILE_DIR)/Pods-yellowCard-checkManifestLockResult.txt",
			);
			runOnlyForDeploymentPostprocessing = 0;
			shellPath = /bin/sh;
			shellScript = "diff \"${PODS_PODFILE_DIR_PATH}/Podfile.lock\" \"${PODS_ROOT}/Manifest.lock\" > /dev/null\nif [ $? != 0 ] ; then\n    # print error to STDERR\n    echo \"error: The sandbox is not in sync with the Podfile.lock. Run 'pod install' or update your CocoaPods installation.\" >&2\n    exit 1\nfi\n# This output is used by Xcode 'outputs' to avoid re-running this script phase.\necho \"SUCCESS\" > \"${SCRIPT_OUTPUT_FILE_0}\"\n";
			showEnvVarsInLog = 0;
		};
/* End PBXShellScriptBuildPhase section */

/* Begin PBXSourcesBuildPhase section */
		2F0B8F2D21CE4BA700FD07F3 /* Sources */ = {
			isa = PBXSourcesBuildPhase;
			buildActionMask = 2147483647;
			files = (
				2F0B8F3721CE4BA700FD07F3 /* ViewController.swift in Sources */,
				2F0B8F3521CE4BA700FD07F3 /* AppDelegate.swift in Sources */,
			);
			runOnlyForDeploymentPostprocessing = 0;
		};
/* End PBXSourcesBuildPhase section */

/* Begin PBXVariantGroup section */
		2F0B8F3821CE4BA700FD07F3 /* Main.storyboard */ = {
			isa = PBXVariantGroup;
			children = (
				2F0B8F3921CE4BA700FD07F3 /* Base */,
			);
			name = Main.storyboard;
			sourceTree = "<group>";
		};
		2F0B8F3D21CE4BA800FD07F3 /* LaunchScreen.storyboard */ = {
			isa = PBXVariantGroup;
			children = (
				2F0B8F3E21CE4BA800FD07F3 /* Base */,
			);
			name = LaunchScreen.storyboard;
			sourceTree = "<group>";
		};
/* End PBXVariantGroup section */

/* Begin XCBuildConfiguration section */
		2F0B8F4121CE4BA800FD07F3 /* Debug */ = {
			isa = XCBuildConfiguration;
			buildSettings = {
				ALWAYS_SEARCH_USER_PATHS = NO;
				CLANG_ANALYZER_NONNULL = YES;
				CLANG_ANALYZER_NUMBER_OBJECT_CONVERSION = YES_AGGRESSIVE;
				CLANG_CXX_LANGUAGE_STANDARD = "gnu++14";
				CLANG_CXX_LIBRARY = "libc++";
				CLANG_ENABLE_MODULES = YES;
				CLANG_ENABLE_OBJC_ARC = YES;
				CLANG_ENABLE_OBJC_WEAK = YES;
				CLANG_WARN_BLOCK_CAPTURE_AUTORELEASING = YES;
				CLANG_WARN_BOOL_CONVERSION = YES;
				CLANG_WARN_COMMA = YES;
				CLANG_WARN_CONSTANT_CONVERSION = YES;
				CLANG_WARN_DEPRECATED_OBJC_IMPLEMENTATIONS = YES;
				CLANG_WARN_DIRECT_OBJC_ISA_USAGE = YES_ERROR;
				CLANG_WARN_DOCUMENTATION_COMMENTS = YES;
				CLANG_WARN_EMPTY_BODY = YES;
				CLANG_WARN_ENUM_CONVERSION = YES;
				CLANG_WARN_INFINITE_RECURSION = YES;
				CLANG_WARN_INT_CONVERSION = YES;
				CLANG_WARN_NON_LITERAL_NULL_CONVERSION = YES;
				CLANG_WARN_OBJC_IMPLICIT_RETAIN_SELF = YES;
				CLANG_WARN_OBJC_LITERAL_CONVERSION = YES;
				CLANG_WARN_OBJC_ROOT_CLASS = YES_ERROR;
				CLANG_WARN_RANGE_LOOP_ANALYSIS = YES;
				CLANG_WARN_STRICT_PROTOTYPES = YES;
				CLANG_WARN_SUSPICIOUS_MOVE = YES;
				CLANG_WARN_UNGUARDED_AVAILABILITY = YES_AGGRESSIVE;
				CLANG_WARN_UNREACHABLE_CODE = YES;
				CLANG_WARN__DUPLICATE_METHOD_MATCH = YES;
				CODE_SIGN_IDENTITY = "iPhone Developer";
				COPY_PHASE_STRIP = NO;
				DEBUG_INFORMATION_FORMAT = dwarf;
				ENABLE_STRICT_OBJC_MSGSEND = YES;
				ENABLE_TESTABILITY = YES;
				GCC_C_LANGUAGE_STANDARD = gnu11;
				GCC_DYNAMIC_NO_PIC = NO;
				GCC_NO_COMMON_BLOCKS = YES;
				GCC_OPTIMIZATION_LEVEL = 0;
				GCC_PREPROCESSOR_DEFINITIONS = (
					"DEBUG=1",
					"$(inherited)",
				);
				GCC_WARN_64_TO_32_BIT_CONVERSION = YES;
				GCC_WARN_ABOUT_RETURN_TYPE = YES_ERROR;
				GCC_WARN_UNDECLARED_SELECTOR = YES;
				GCC_WARN_UNINITIALIZED_AUTOS = YES_AGGRESSIVE;
				GCC_WARN_UNUSED_FUNCTION = YES;
				GCC_WARN_UNUSED_VARIABLE = YES;
				IPHONEOS_DEPLOYMENT_TARGET = 12.1;
				MTL_ENABLE_DEBUG_INFO = INCLUDE_SOURCE;
				MTL_FAST_MATH = YES;
				ONLY_ACTIVE_ARCH = YES;
				SDKROOT = iphoneos;
				SWIFT_ACTIVE_COMPILATION_CONDITIONS = DEBUG;
				SWIFT_OPTIMIZATION_LEVEL = "-Onone";
			};
			name = Debug;
		};
		2F0B8F4221CE4BA800FD07F3 /* Release */ = {
			isa = XCBuildConfiguration;
			buildSettings = {
				ALWAYS_SEARCH_USER_PATHS = NO;
				CLANG_ANALYZER_NONNULL = YES;
				CLANG_ANALYZER_NUMBER_OBJECT_CONVERSION = YES_AGGRESSIVE;
				CLANG_CXX_LANGUAGE_STANDARD = "gnu++14";
				CLANG_CXX_LIBRARY = "libc++";
				CLANG_ENABLE_MODULES = YES;
				CLANG_ENABLE_OBJC_ARC = YES;
				CLANG_ENABLE_OBJC_WEAK = YES;
				CLANG_WARN_BLOCK_CAPTURE_AUTORELEASING = YES;
				CLANG_WARN_BOOL_CONVERSION = YES;
				CLANG_WARN_COMMA = YES;
				CLANG_WARN_CONSTANT_CONVERSION = YES;
				CLANG_WARN_DEPRECATED_OBJC_IMPLEMENTATIONS = YES;
				CLANG_WARN_DIRECT_OBJC_ISA_USAGE = YES_ERROR;
				CLANG_WARN_DOCUMENTATION_COMMENTS = YES;
				CLANG_WARN_EMPTY_BODY = YES;
				CLANG_WARN_ENUM_CONVERSION = YES;
				CLANG_WARN_INFINITE_RECURSION = YES;
				CLANG_WARN_INT_CONVERSION = YES;
				CLANG_WARN_NON_LITERAL_NULL_CONVERSION = YES;
				CLANG_WARN_OBJC_IMPLICIT_RETAIN_SELF = YES;
				CLANG_WARN_OBJC_LITERAL_CONVERSION = YES;
				CLANG_WARN_OBJC_ROOT_CLASS = YES_ERROR;
				CLANG_WARN_RANGE_LOOP_ANALYSIS = YES;
				CLANG_WARN_STRICT_PROTOTYPES = YES;
				CLANG_WARN_SUSPICIOUS_MOVE = YES;
				CLANG_WARN_UNGUARDED_AVAILABILITY = YES_AGGRESSIVE;
				CLANG_WARN_UNREACHABLE_CODE = YES;
				CLANG_WARN__DUPLICATE_METHOD_MATCH = YES;
				CODE_SIGN_IDENTITY = "iPhone Developer";
				COPY_PHASE_STRIP = NO;
				DEBUG_INFORMATION_FORMAT = "dwarf-with-dsym";
				ENABLE_NS_ASSERTIONS = NO;
				ENABLE_STRICT_OBJC_MSGSEND = YES;
				GCC_C_LANGUAGE_STANDARD = gnu11;
				GCC_NO_COMMON_BLOCKS = YES;
				GCC_WARN_64_TO_32_BIT_CONVERSION = YES;
				GCC_WARN_ABOUT_RETURN_TYPE = YES_ERROR;
				GCC_WARN_UNDECLARED_SELECTOR = YES;
				GCC_WARN_UNINITIALIZED_AUTOS = YES_AGGRESSIVE;
				GCC_WARN_UNUSED_FUNCTION = YES;
				GCC_WARN_UNUSED_VARIABLE = YES;
				IPHONEOS_DEPLOYMENT_TARGET = 12.1;
				MTL_ENABLE_DEBUG_INFO = NO;
				MTL_FAST_MATH = YES;
				SDKROOT = iphoneos;
				SWIFT_COMPILATION_MODE = wholemodule;
				SWIFT_OPTIMIZATION_LEVEL = "-O";
				VALIDATE_PRODUCT = YES;
			};
			name = Release;
		};
		2F0B8F4421CE4BA800FD07F3 /* Debug */ = {
			isa = XCBuildConfiguration;
			baseConfigurationReference = 6A675AEF7F0E681A668FE205 /* Pods-yellowCard.debug.xcconfig */;
			buildSettings = {
				ASSETCATALOG_COMPILER_APPICON_NAME = AppIcon;
				CLANG_ENABLE_MODULES = YES;
				CODE_SIGN_STYLE = Automatic;
				DEVELOPMENT_TEAM = 524TVTU6B9;
				FRAMEWORK_SEARCH_PATHS = (
					"$(inherited)",
					"$(PROJECT_DIR)",
				);
				INFOPLIST_FILE = yellowCard/Info.plist;
				IPHONEOS_DEPLOYMENT_TARGET = 11.0;
				LD_RUNPATH_SEARCH_PATHS = (
					"$(inherited)",
					"@executable_path/Frameworks",
				);
				OTHER_LDFLAGS = "-all_load";
				PRODUCT_BUNDLE_IDENTIFIER = com.linsaeng.yellowCard;
				PRODUCT_NAME = "$(TARGET_NAME)";
				SWIFT_OBJC_BRIDGING_HEADER = "yellowCard/yellowCard-Bridging-Header.h";
				SWIFT_OPTIMIZATION_LEVEL = "-Onone";
				SWIFT_VERSION = 4.2;
				TARGETED_DEVICE_FAMILY = "1,2";
			};
			name = Debug;
		};
		2F0B8F4521CE4BA800FD07F3 /* Release */ = {
			isa = XCBuildConfiguration;
			baseConfigurationReference = B850B149F4E2FCE42F457BC3 /* Pods-yellowCard.release.xcconfig */;
			buildSettings = {
				ASSETCATALOG_COMPILER_APPICON_NAME = AppIcon;
				CLANG_ENABLE_MODULES = YES;
				CODE_SIGN_STYLE = Automatic;
				DEVELOPMENT_TEAM = 524TVTU6B9;
				FRAMEWORK_SEARCH_PATHS = (
					"$(inherited)",
					"$(PROJECT_DIR)",
				);
				INFOPLIST_FILE = yellowCard/Info.plist;
				IPHONEOS_DEPLOYMENT_TARGET = 11.0;
				LD_RUNPATH_SEARCH_PATHS = (
					"$(inherited)",
					"@executable_path/Frameworks",
				);
				OTHER_LDFLAGS = "-all_load";
				PRODUCT_BUNDLE_IDENTIFIER = com.linsaeng.yellowCard;
				PRODUCT_NAME = "$(TARGET_NAME)";
				SWIFT_OBJC_BRIDGING_HEADER = "yellowCard/yellowCard-Bridging-Header.h";
				SWIFT_VERSION = 4.2;
				TARGETED_DEVICE_FAMILY = "1,2";
			};
			name = Release;
		};
/* End XCBuildConfiguration section */

/* Begin XCConfigurationList section */
		2F0B8F2C21CE4BA700FD07F3 /* Build configuration list for PBXProject "yellowCard" */ = {
			isa = XCConfigurationList;
			buildConfigurations = (
				2F0B8F4121CE4BA800FD07F3 /* Debug */,
				2F0B8F4221CE4BA800FD07F3 /* Release */,
			);
			defaultConfigurationIsVisible = 0;
			defaultConfigurationName = Release;
		};
		2F0B8F4321CE4BA800FD07F3 /* Build configuration list for PBXNativeTarget "yellowCard" */ = {
			isa = XCConfigurationList;
			buildConfigurations = (
				2F0B8F4421CE4BA800FD07F3 /* Debug */,
				2F0B8F4521CE4BA800FD07F3 /* Release */,
			);
			defaultConfigurationIsVisible = 0;
			defaultConfigurationName = Release;
		};
/* End XCConfigurationList section */
	};
	rootObject = 2F0B8F2921CE4BA700FD07F3 /* Project object */;
}
